// !$*UTF8*$!
{
	archiveVersion = 1;
	classes = {
	};
	objectVersion = 50;
	objects = {

/* Begin PBXBuildFile section */
		744AE0462286067B000F5323 /* AppDelegate.swift in Sources */ = {isa = PBXBuildFile; fileRef = 744AE0452286067B000F5323 /* AppDelegate.swift */; };
		744AE0482286067B000F5323 /* ViewController.swift in Sources */ = {isa = PBXBuildFile; fileRef = 744AE0472286067B000F5323 /* ViewController.swift */; };
		744AE04D2286067E000F5323 /* Assets.xcassets in Resources */ = {isa = PBXBuildFile; fileRef = 744AE04C2286067E000F5323 /* Assets.xcassets */; };
		744AE0502286067E000F5323 /* LaunchScreen.storyboard in Resources */ = {isa = PBXBuildFile; fileRef = 744AE04E2286067E000F5323 /* LaunchScreen.storyboard */; };
		744AE05B2286067E000F5323 /* PokedexTests.swift in Sources */ = {isa = PBXBuildFile; fileRef = 744AE05A2286067E000F5323 /* PokedexTests.swift */; };
		744AE0662286067E000F5323 /* PokedexUITests.swift in Sources */ = {isa = PBXBuildFile; fileRef = 744AE0652286067E000F5323 /* PokedexUITests.swift */; };
		744AE07422860777000F5323 /* pokedex.mlmodel in Sources */ = {isa = PBXBuildFile; fileRef = 744AE07322860777000F5323 /* pokedex.mlmodel */; };
/* End PBXBuildFile section */

/* Begin PBXContainerItemProxy section */
		744AE0572286067E000F5323 /* PBXContainerItemProxy */ = {
			isa = PBXContainerItemProxy;
			containerPortal = 744AE03A2286067B000F5323 /* Project object */;
			proxyType = 1;
			remoteGlobalIDString = 744AE0412286067B000F5323;
			remoteInfo = Pokedex;
		};
		744AE0622286067E000F5323 /* PBXContainerItemProxy */ = {
			isa = PBXContainerItemProxy;
			containerPortal = 744AE03A2286067B000F5323 /* Project object */;
			proxyType = 1;
			remoteGlobalIDString = 744AE0412286067B000F5323;
			remoteInfo = Pokedex;
		};
/* End PBXContainerItemProxy section */

/* Begin PBXFileReference section */
		744AE0422286067B000F5323 /* Pokedex.app */ = {isa = PBXFileReference; explicitFileType = wrapper.application; includeInIndex = 0; path = Pokedex.app; sourceTree = BUILT_PRODUCTS_DIR; };
		744AE0452286067B000F5323 /* AppDelegate.swift */ = {isa = PBXFileReference; lastKnownFileType = sourcecode.swift; path = AppDelegate.swift; sourceTree = "<group>"; };
		744AE0472286067B000F5323 /* ViewController.swift */ = {isa = PBXFileReference; lastKnownFileType = sourcecode.swift; path = ViewController.swift; sourceTree = "<group>"; };
		744AE04C2286067E000F5323 /* Assets.xcassets */ = {isa = PBXFileReference; lastKnownFileType = folder.assetcatalog; path = Assets.xcassets; sourceTree = "<group>"; };
		744AE04F2286067E000F5323 /* Base */ = {isa = PBXFileReference; lastKnownFileType = file.storyboard; name = Base; path = Base.lproj/LaunchScreen.storyboard; sourceTree = "<group>"; };
		744AE0512286067E000F5323 /* Info.plist */ = {isa = PBXFileReference; lastKnownFileType = text.plist.xml; path = Info.plist; sourceTree = "<group>"; };
		744AE0562286067E000F5323 /* PokedexTests.xctest */ = {isa = PBXFileReference; explicitFileType = wrapper.cfbundle; includeInIndex = 0; path = PokedexTests.xctest; sourceTree = BUILT_PRODUCTS_DIR; };
		744AE05A2286067E000F5323 /* PokedexTests.swift */ = {isa = PBXFileReference; lastKnownFileType = sourcecode.swift; path = PokedexTests.swift; sourceTree = "<group>"; };
		744AE05C2286067E000F5323 /* Info.plist */ = {isa = PBXFileReference; lastKnownFileType = text.plist.xml; path = Info.plist; sourceTree = "<group>"; };
		744AE0612286067E000F5323 /* PokedexUITests.xctest */ = {isa = PBXFileReference; explicitFileType = wrapper.cfbundle; includeInIndex = 0; path = PokedexUITests.xctest; sourceTree = BUILT_PRODUCTS_DIR; };
		744AE0652286067E000F5323 /* PokedexUITests.swift */ = {isa = PBXFileReference; lastKnownFileType = sourcecode.swift; path = PokedexUITests.swift; sourceTree = "<group>"; };
		744AE0672286067E000F5323 /* Info.plist */ = {isa = PBXFileReference; lastKnownFileType = text.plist.xml; path = Info.plist; sourceTree = "<group>"; };
		744AE07322860777000F5323 /* pokedex.mlmodel */ = {isa = PBXFileReference; lastKnownFileType = file.mlmodel; path = pokedex.mlmodel; sourceTree = "<group>"; };
/* End PBXFileReference section */

/* Begin PBXFrameworksBuildPhase section */
		744AE03F2286067B000F5323 /* Frameworks */ = {
			isa = PBXFrameworksBuildPhase;
			buildActionMask = 2147483647;
			files = (
			);
			runOnlyForDeploymentPostprocessing = 0;
		};
		744AE0532286067E000F5323 /* Frameworks */ = {
			isa = PBXFrameworksBuildPhase;
			buildActionMask = 2147483647;
			files = (
			);
			runOnlyForDeploymentPostprocessing = 0;
		};
		744AE05E2286067E000F5323 /* Frameworks */ = {
			isa = PBXFrameworksBuildPhase;
			buildActionMask = 2147483647;
			files = (
			);
			runOnlyForDeploymentPostprocessing = 0;
		};
/* End PBXFrameworksBuildPhase section */

/* Begin PBXGroup section */
		744AE0392286067B000F5323 = {
			isa = PBXGroup;
			children = (
				744AE0442286067B000F5323 /* Pokedex */,
				744AE0592286067E000F5323 /* PokedexTests */,
				744AE0642286067E000F5323 /* PokedexUITests */,
				744AE0432286067B000F5323 /* Products */,
			);
			sourceTree = "<group>";
		};
		744AE0432286067B000F5323 /* Products */ = {
			isa = PBXGroup;
			children = (
				744AE0422286067B000F5323 /* Pokedex.app */,
				744AE0562286067E000F5323 /* PokedexTests.xctest */,
				744AE0612286067E000F5323 /* PokedexUITests.xctest */,
			);
			name = Products;
			sourceTree = "<group>";
		};
		744AE0442286067B000F5323 /* Pokedex */ = {
			isa = PBXGroup;
			children = (
				744AE07322860777000F5323 /* pokedex.mlmodel */,
				744AE0452286067B000F5323 /* AppDelegate.swift */,
				744AE0472286067B000F5323 /* ViewController.swift */,
				744AE04C2286067E000F5323 /* Assets.xcassets */,
				744AE04E2286067E000F5323 /* LaunchScreen.storyboard */,
				744AE0512286067E000F5323 /* Info.plist */,
			);
			path = Pokedex;
			sourceTree = "<group>";
		};
		744AE0592286067E000F5323 /* PokedexTests */ = {
			isa = PBXGroup;
			children = (
				744AE05A2286067E000F5323 /* PokedexTests.swift */,
				744AE05C2286067E000F5323 /* Info.plist */,
			);
			path = PokedexTests;
			sourceTree = "<group>";
		};
		744AE0642286067E000F5323 /* PokedexUITests */ = {
			isa = PBXGroup;
			children = (
				744AE0652286067E000F5323 /* PokedexUITests.swift */,
				744AE0672286067E000F5323 /* Info.plist */,
			);
			path = PokedexUITests;
			sourceTree = "<group>";
		};
/* End PBXGroup section */

/* Begin PBXNativeTarget section */
		744AE0412286067B000F5323 /* Pokedex */ = {
			isa = PBXNativeTarget;
			buildConfigurationList = 744AE06A2286067E000F5323 /* Build configuration list for PBXNativeTarget "Pokedex" */;
			buildPhases = (
				744AE03E2286067B000F5323 /* Sources */,
				744AE03F2286067B000F5323 /* Frameworks */,
				744AE0402286067B000F5323 /* Resources */,
			);
			buildRules = (
			);
			dependencies = (
			);
			name = Pokedex;
			productName = Pokedex;
			productReference = 744AE0422286067B000F5323 /* Pokedex.app */;
			productType = "com.apple.product-type.application";
		};
		744AE0552286067E000F5323 /* PokedexTests */ = {
			isa = PBXNativeTarget;
			buildConfigurationList = 744AE06D2286067E000F5323 /* Build configuration list for PBXNativeTarget "PokedexTests" */;
			buildPhases = (
				744AE0522286067E000F5323 /* Sources */,
				744AE0532286067E000F5323 /* Frameworks */,
				744AE0542286067E000F5323 /* Resources */,
			);
			buildRules = (
			);
			dependencies = (
				744AE0582286067E000F5323 /* PBXTargetDependency */,
			);
			name = PokedexTests;
			productName = PokedexTests;
			productReference = 744AE0562286067E000F5323 /* PokedexTests.xctest */;
			productType = "com.apple.product-type.bundle.unit-test";
		};
		744AE0602286067E000F5323 /* PokedexUITests */ = {
			isa = PBXNativeTarget;
			buildConfigurationList = 744AE0702286067E000F5323 /* Build configuration list for PBXNativeTarget "PokedexUITests" */;
			buildPhases = (
				744AE05D2286067E000F5323 /* Sources */,
				744AE05E2286067E000F5323 /* Frameworks */,
				744AE05F2286067E000F5323 /* Resources */,
			);
			buildRules = (
			);
			dependencies = (
				744AE0632286067E000F5323 /* PBXTargetDependency */,
			);
			name = PokedexUITests;
			productName = PokedexUITests;
			productReference = 744AE0612286067E000F5323 /* PokedexUITests.xctest */;
			productType = "com.apple.product-type.bundle.ui-testing";
		};
/* End PBXNativeTarget section */

/* Begin PBXProject section */
		744AE03A2286067B000F5323 /* Project object */ = {
			isa = PBXProject;
			attributes = {
				LastSwiftUpdateCheck = 1020;
				LastUpgradeCheck = 1020;
				ORGANIZATIONNAME = ShanCho;
				TargetAttributes = {
					744AE0412286067B000F5323 = {
						CreatedOnToolsVersion = 10.2.1;
					};
					744AE0552286067E000F5323 = {
						CreatedOnToolsVersion = 10.2.1;
						TestTargetID = 744AE0412286067B000F5323;
					};
					744AE0602286067E000F5323 = {
						CreatedOnToolsVersion = 10.2.1;
						TestTargetID = 744AE0412286067B000F5323;
					};
				};
			};
			buildConfigurationList = 744AE03D2286067B000F5323 /* Build configuration list for PBXProject "Pokedex" */;
			compatibilityVersion = "Xcode 9.3";
			developmentRegion = en;
			hasScannedForEncodings = 0;
			knownRegions = (
				en,
				Base,
			);
			mainGroup = 744AE0392286067B000F5323;
			productRefGroup = 744AE0432286067B000F5323 /* Products */;
			projectDirPath = "";
			projectRoot = "";
			targets = (
				744AE0412286067B000F5323 /* Pokedex */,
				744AE0552286067E000F5323 /* PokedexTests */,
				744AE0602286067E000F5323 /* PokedexUITests */,
			);
		};
/* End PBXProject section */

/* Begin PBXResourcesBuildPhase section */
		744AE0402286067B000F5323 /* Resources */ = {
			isa = PBXResourcesBuildPhase;
			buildActionMask = 2147483647;
			files = (
				744AE0502286067E000F5323 /* LaunchScreen.storyboard in Resources */,
				744AE04D2286067E000F5323 /* Assets.xcassets in Resources */,
			);
			runOnlyForDeploymentPostprocessing = 0;
		};
		744AE0542286067E000F5323 /* Resources */ = {
			isa = PBXResourcesBuildPhase;
			buildActionMask = 2147483647;
			files = (
			);
			runOnlyForDeploymentPostprocessing = 0;
		};
		744AE05F2286067E000F5323 /* Resources */ = {
			isa = PBXResourcesBuildPhase;
			buildActionMask = 2147483647;
			files = (
			);
			runOnlyForDeploymentPostprocessing = 0;
		};
/* End PBXResourcesBuildPhase section */

/* Begin PBXSourcesBuildPhase section */
		744AE03E2286067B000F5323 /* Sources */ = {
			isa = PBXSourcesBuildPhase;
			buildActionMask = 2147483647;
			files = (
				744AE07422860777000F5323 /* pokedex.mlmodel in Sources */,
				744AE0482286067B000F5323 /* ViewController.swift in Sources */,
				744AE0462286067B000F5323 /* AppDelegate.swift in Sources */,
			);
			runOnlyForDeploymentPostprocessing = 0;
		};
		744AE0522286067E000F5323 /* Sources */ = {
			isa = PBXSourcesBuildPhase;
			buildActionMask = 2147483647;
			files = (
				744AE05B2286067E000F5323 /* PokedexTests.swift in Sources */,
			);
			runOnlyForDeploymentPostprocessing = 0;
		};
		744AE05D2286067E000F5323 /* Sources */ = {
			isa = PBXSourcesBuildPhase;
			buildActionMask = 2147483647;
			files = (
				744AE0662286067E000F5323 /* PokedexUITests.swift in Sources */,
			);
			runOnlyForDeploymentPostprocessing = 0;
		};
/* End PBXSourcesBuildPhase section */

/* Begin PBXTargetDependency section */
		744AE0582286067E000F5323 /* PBXTargetDependency */ = {
			isa = PBXTargetDependency;
			target = 744AE0412286067B000F5323 /* Pokedex */;
			targetProxy = 744AE0572286067E000F5323 /* PBXContainerItemProxy */;
		};
		744AE0632286067E000F5323 /* PBXTargetDependency */ = {
			isa = PBXTargetDependency;
			target = 744AE0412286067B000F5323 /* Pokedex */;
			targetProxy = 744AE0622286067E000F5323 /* PBXContainerItemProxy */;
		};
/* End PBXTargetDependency section */

/* Begin PBXVariantGroup section */
		744AE04E2286067E000F5323 /* LaunchScreen.storyboard */ = {
			isa = PBXVariantGroup;
			children = (
				744AE04F2286067E000F5323 /* Base */,
			);
			name = LaunchScreen.storyboard;
			sourceTree = "<group>";
		};
/* End PBXVariantGroup section */

/* Begin XCBuildConfiguration section */
		744AE0682286067E000F5323 /* Debug */ = {
			isa = XCBuildConfiguration;
			buildSettings = {
				ALWAYS_SEARCH_USER_PATHS = NO;
				CLANG_ANALYZER_NONNULL = YES;
				CLANG_ANALYZER_NUMBER_OBJECT_CONVERSION = YES_AGGRESSIVE;
				CLANG_CXX_LANGUAGE_STANDARD = "gnu++14";
				CLANG_CXX_LIBRARY = "libc++";
				CLANG_ENABLE_MODULES = YES;
				CLANG_ENABLE_OBJC_ARC = YES;
				CLANG_ENABLE_OBJC_WEAK = YES;
				CLANG_WARN_BLOCK_CAPTURE_AUTORELEASING = YES;
				CLANG_WARN_BOOL_CONVERSION = YES;
				CLANG_WARN_COMMA = YES;
				CLANG_WARN_CONSTANT_CONVERSION = YES;
				CLANG_WARN_DEPRECATED_OBJC_IMPLEMENTATIONS = YES;
				CLANG_WARN_DIRECT_OBJC_ISA_USAGE = YES_ERROR;
				CLANG_WARN_DOCUMENTATION_COMMENTS = YES;
				CLANG_WARN_EMPTY_BODY = YES;
				CLANG_WARN_ENUM_CONVERSION = YES;
				CLANG_WARN_INFINITE_RECURSION = YES;
				CLANG_WARN_INT_CONVERSION = YES;
				CLANG_WARN_NON_LITERAL_NULL_CONVERSION = YES;
				CLANG_WARN_OBJC_IMPLICIT_RETAIN_SELF = YES;
				CLANG_WARN_OBJC_LITERAL_CONVERSION = YES;
				CLANG_WARN_OBJC_ROOT_CLASS = YES_ERROR;
				CLANG_WARN_RANGE_LOOP_ANALYSIS = YES;
				CLANG_WARN_STRICT_PROTOTYPES = YES;
				CLANG_WARN_SUSPICIOUS_MOVE = YES;
				CLANG_WARN_UNGUARDED_AVAILABILITY = YES_AGGRESSIVE;
				CLANG_WARN_UNREACHABLE_CODE = YES;
				CLANG_WARN__DUPLICATE_METHOD_MATCH = YES;
				CODE_SIGN_IDENTITY = "iPhone Developer";
				COPY_PHASE_STRIP = NO;
				DEBUG_INFORMATION_FORMAT = dwarf;
				ENABLE_STRICT_OBJC_MSGSEND = YES;
				ENABLE_TESTABILITY = YES;
				GCC_C_LANGUAGE_STANDARD = gnu11;
				GCC_DYNAMIC_NO_PIC = NO;
				GCC_NO_COMMON_BLOCKS = YES;
				GCC_OPTIMIZATION_LEVEL = 0;
				GCC_PREPROCESSOR_DEFINITIONS = (
					"DEBUG=1",
					"$(inherited)",
				);
				GCC_WARN_64_TO_32_BIT_CONVERSION = YES;
				GCC_WARN_ABOUT_RETURN_TYPE = YES_ERROR;
				GCC_WARN_UNDECLARED_SELECTOR = YES;
				GCC_WARN_UNINITIALIZED_AUTOS = YES_AGGRESSIVE;
				GCC_WARN_UNUSED_FUNCTION = YES;
				GCC_WARN_UNUSED_VARIABLE = YES;
				IPHONEOS_DEPLOYMENT_TARGET = 12.2;
				MTL_ENABLE_DEBUG_INFO = INCLUDE_SOURCE;
				MTL_FAST_MATH = YES;
				ONLY_ACTIVE_ARCH = YES;
				SDKROOT = iphoneos;
				SWIFT_ACTIVE_COMPILATION_CONDITIONS = DEBUG;
				SWIFT_OPTIMIZATION_LEVEL = "-Onone";
			};
			name = Debug;
		};
		744AE0692286067E000F5323 /* Release */ = {
			isa = XCBuildConfiguration;
			buildSettings = {
				ALWAYS_SEARCH_USER_PATHS = NO;
				CLANG_ANALYZER_NONNULL = YES;
				CLANG_ANALYZER_NUMBER_OBJECT_CONVERSION = YES_AGGRESSIVE;
				CLANG_CXX_LANGUAGE_STANDARD = "gnu++14";
				CLANG_CXX_LIBRARY = "libc++";
				CLANG_ENABLE_MODULES = YES;
				CLANG_ENABLE_OBJC_ARC = YES;
				CLANG_ENABLE_OBJC_WEAK = YES;
				CLANG_WARN_BLOCK_CAPTURE_AUTORELEASING = YES;
				CLANG_WARN_BOOL_CONVERSION = YES;
				CLANG_WARN_COMMA = YES;
				CLANG_WARN_CONSTANT_CONVERSION = YES;
				CLANG_WARN_DEPRECATED_OBJC_IMPLEMENTATIONS = YES;
				CLANG_WARN_DIRECT_OBJC_ISA_USAGE = YES_ERROR;
				CLANG_WARN_DOCUMENTATION_COMMENTS = YES;
				CLANG_WARN_EMPTY_BODY = YES;
				CLANG_WARN_ENUM_CONVERSION = YES;
				CLANG_WARN_INFINITE_RECURSION = YES;
				CLANG_WARN_INT_CONVERSION = YES;
				CLANG_WARN_NON_LITERAL_NULL_CONVERSION = YES;
				CLANG_WARN_OBJC_IMPLICIT_RETAIN_SELF = YES;
				CLANG_WARN_OBJC_LITERAL_CONVERSION = YES;
				CLANG_WARN_OBJC_ROOT_CLASS = YES_ERROR;
				CLANG_WARN_RANGE_LOOP_ANALYSIS = YES;
				CLANG_WARN_STRICT_PROTOTYPES = YES;
				CLANG_WARN_SUSPICIOUS_MOVE = YES;
				CLANG_WARN_UNGUARDED_AVAILABILITY = YES_AGGRESSIVE;
				CLANG_WARN_UNREACHABLE_CODE = YES;
				CLANG_WARN__DUPLICATE_METHOD_MATCH = YES;
				CODE_SIGN_IDENTITY = "iPhone Developer";
				COPY_PHASE_STRIP = NO;
				DEBUG_INFORMATION_FORMAT = "dwarf-with-dsym";
				ENABLE_NS_ASSERTIONS = NO;
				ENABLE_STRICT_OBJC_MSGSEND = YES;
				GCC_C_LANGUAGE_STANDARD = gnu11;
				GCC_NO_COMMON_BLOCKS = YES;
				GCC_WARN_64_TO_32_BIT_CONVERSION = YES;
				GCC_WARN_ABOUT_RETURN_TYPE = YES_ERROR;
				GCC_WARN_UNDECLARED_SELECTOR = YES;
				GCC_WARN_UNINITIALIZED_AUTOS = YES_AGGRESSIVE;
				GCC_WARN_UNUSED_FUNCTION = YES;
				GCC_WARN_UNUSED_VARIABLE = YES;
				IPHONEOS_DEPLOYMENT_TARGET = 12.2;
				MTL_ENABLE_DEBUG_INFO = NO;
				MTL_FAST_MATH = YES;
				SDKROOT = iphoneos;
				SWIFT_COMPILATION_MODE = wholemodule;
				SWIFT_OPTIMIZATION_LEVEL = "-O";
				VALIDATE_PRODUCT = YES;
			};
			name = Release;
		};
		744AE06B2286067E000F5323 /* Debug */ = {
			isa = XCBuildConfiguration;
			buildSettings = {
				ASSETCATALOG_COMPILER_APPICON_NAME = AppIcon;
				CODE_SIGN_STYLE = Automatic;
				DEVELOPMENT_TEAM = 74R9UCQN2Q;
				INFOPLIST_FILE = Pokedex/Info.plist;
				LD_RUNPATH_SEARCH_PATHS = (
					"$(inherited)",
					"@executable_path/Frameworks",
				);
				PRODUCT_BUNDLE_IDENTIFIER = SelfLearning.Pokedex;
				PRODUCT_NAME = "$(TARGET_NAME)";
				SWIFT_VERSION = 5.0;
				TARGETED_DEVICE_FAMILY = "1,2";
			};
			name = Debug;
		};
		744AE06C2286067E000F5323 /* Release */ = {
			isa = XCBuildConfiguration;
			buildSettings = {
				ASSETCATALOG_COMPILER_APPICON_NAME = AppIcon;
				CODE_SIGN_STYLE = Automatic;
				DEVELOPMENT_TEAM = 74R9UCQN2Q;
				INFOPLIST_FILE = Pokedex/Info.plist;
				LD_RUNPATH_SEARCH_PATHS = (
					"$(inherited)",
					"@executable_path/Frameworks",
				);
				PRODUCT_BUNDLE_IDENTIFIER = SelfLearning.Pokedex;
				PRODUCT_NAME = "$(TARGET_NAME)";
				SWIFT_VERSION = 5.0;
				TARGETED_DEVICE_FAMILY = "1,2";
			};
			name = Release;
		};
		744AE06E2286067E000F5323 /* Debug */ = {
			isa = XCBuildConfiguration;
			buildSettings = {
				ALWAYS_EMBED_SWIFT_STANDARD_LIBRARIES = YES;
				BUNDLE_LOADER = "$(TEST_HOST)";
				CODE_SIGN_STYLE = Automatic;
				DEVELOPMENT_TEAM = 74R9UCQN2Q;
				INFOPLIST_FILE = PokedexTests/Info.plist;
				LD_RUNPATH_SEARCH_PATHS = (
					"$(inherited)",
					"@executable_path/Frameworks",
					"@loader_path/Frameworks",
				);
				PRODUCT_BUNDLE_IDENTIFIER = SelfLearning.PokedexTests;
				PRODUCT_NAME = "$(TARGET_NAME)";
				SWIFT_VERSION = 5.0;
				TARGETED_DEVICE_FAMILY = "1,2";
				TEST_HOST = "$(BUILT_PRODUCTS_DIR)/Pokedex.app/Pokedex";
			};
			name = Debug;
		};
		744AE06F2286067E000F5323 /* Release */ = {
			isa = XCBuildConfiguration;
			buildSettings = {
				ALWAYS_EMBED_SWIFT_STANDARD_LIBRARIES = YES;
				BUNDLE_LOADER = "$(TEST_HOST)";
				CODE_SIGN_STYLE = Automatic;
				DEVELOPMENT_TEAM = 74R9UCQN2Q;
				INFOPLIST_FILE = PokedexTests/Info.plist;
				LD_RUNPATH_SEARCH_PATHS = (
					"$(inherited)",
					"@executable_path/Frameworks",
					"@loader_path/Frameworks",
				);
				PRODUCT_BUNDLE_IDENTIFIER = SelfLearning.PokedexTests;
				PRODUCT_NAME = "$(TARGET_NAME)";
				SWIFT_VERSION = 5.0;
				TARGETED_DEVICE_FAMILY = "1,2";
				TEST_HOST = "$(BUILT_PRODUCTS_DIR)/Pokedex.app/Pokedex";
			};
			name = Release;
		};
		744AE0712286067E000F5323 /* Debug */ = {
			isa = XCBuildConfiguration;
			buildSettings = {
				ALWAYS_EMBED_SWIFT_STANDARD_LIBRARIES = YES;
				CODE_SIGN_STYLE = Automatic;
				DEVELOPMENT_TEAM = 74R9UCQN2Q;
				INFOPLIST_FILE = PokedexUITests/Info.plist;
				LD_RUNPATH_SEARCH_PATHS = (
					"$(inherited)",
					"@executable_path/Frameworks",
					"@loader_path/Frameworks",
				);
				PRODUCT_BUNDLE_IDENTIFIER = SelfLearning.PokedexUITests;
				PRODUCT_NAME = "$(TARGET_NAME)";
				SWIFT_VERSION = 5.0;
				TARGETED_DEVICE_FAMILY = "1,2";
				TEST_TARGET_NAME = Pokedex;
			};
			name = Debug;
		};
		744AE0722286067E000F5323 /* Release */ = {
			isa = XCBuildConfiguration;
			buildSettings = {
				ALWAYS_EMBED_SWIFT_STANDARD_LIBRARIES = YES;
				CODE_SIGN_STYLE = Automatic;
				DEVELOPMENT_TEAM = 74R9UCQN2Q;
				INFOPLIST_FILE = PokedexUITests/Info.plist;
				LD_RUNPATH_SEARCH_PATHS = (
					"$(inherited)",
					"@executable_path/Frameworks",
					"@loader_path/Frameworks",
				);
				PRODUCT_BUNDLE_IDENTIFIER = SelfLearning.PokedexUITests;
				PRODUCT_NAME = "$(TARGET_NAME)";
				SWIFT_VERSION = 5.0;
				TARGETED_DEVICE_FAMILY = "1,2";
				TEST_TARGET_NAME = Pokedex;
			};
			name = Release;
		};
/* End XCBuildConfiguration section */

/* Begin XCConfigurationList section */
		744AE03D2286067B000F5323 /* Build configuration list for PBXProject "Pokedex" */ = {
			isa = XCConfigurationList;
			buildConfigurations = (
				744AE0682286067E000F5323 /* Debug */,
				744AE0692286067E000F5323 /* Release */,
			);
			defaultConfigurationIsVisible = 0;
			defaultConfigurationName = Release;
		};
		744AE06A2286067E000F5323 /* Build configuration list for PBXNativeTarget "Pokedex" */ = {
			isa = XCConfigurationList;
			buildConfigurations = (
				744AE06B2286067E000F5323 /* Debug */,
				744AE06C2286067E000F5323 /* Release */,
			);
			defaultConfigurationIsVisible = 0;
			defaultConfigurationName = Release;
		};
		744AE06D2286067E000F5323 /* Build configuration list for PBXNativeTarget "PokedexTests" */ = {
			isa = XCConfigurationList;
			buildConfigurations = (
				744AE06E2286067E000F5323 /* Debug */,
				744AE06F2286067E000F5323 /* Release */,
			);
			defaultConfigurationIsVisible = 0;
			defaultConfigurationName = Release;
		};
		744AE0702286067E000F5323 /* Build configuration list for PBXNativeTarget "PokedexUITests" */ = {
			isa = XCConfigurationList;
			buildConfigurations = (
				744AE0712286067E000F5323 /* Debug */,
				744AE0722286067E000F5323 /* Release */,
			);
			defaultConfigurationIsVisible = 0;
			defaultConfigurationName = Release;
		};
/* End XCConfigurationList section */
	};
	rootObject = 744AE03A2286067B000F5323 /* Project object */;
}
